
Microsoft Visual Studio Solution File, Format Version 12.00
# Visual Studio Version 16
VisualStudioVersion = 16.0.30011.22
MinimumVisualStudioVersion = 10.0.40219.1
Project("{FAE04EC0-301F-11D3-BF4B-00C04F79EFBC}") = "Jizhujian.AspNetCore.Authentication.DingTalk", "Jizhujian.AspNetCore.Authentication.DingTalk\Jizhujian.AspNetCore.Authentication.DingTalk.csproj", "{11C177D6-418F-4DA8-A89D-153C9E50D7EF}"
EndProject
Global
	GlobalSection(SolutionConfigurationPlatforms) = preSolution
		Debug|Any CPU = Debug|Any CPU
		Release|Any CPU = Release|Any CPU
	EndGlobalSection
	GlobalSection(ProjectConfigurationPlatforms) = postSolution
		{11C177D6-418F-4DA8-A89D-153C9E50D7EF}.Debug|Any CPU.ActiveCfg = Debug|Any CPU
		{11C177D6-418F-4DA8-A89D-153C9E50D7EF}.Debug|Any CPU.Build.0 = Debug|Any CPU
		{11C177D6-418F-4DA8-A89D-153C9E50D7EF}.Release|Any CPU.ActiveCfg = Release|Any CPU
		{11C177D6-418F-4DA8-A89D-153C9E50D7EF}.Release|Any CPU.Build.0 = Release|Any CPU
	EndGlobalSection
	GlobalSection(SolutionProperties) = preSolution
		HideSolutionNode = FALSE
	EndGlobalSection
	GlobalSection(ExtensibilityGlobals) = postSolution
		SolutionGuid = {E140D9EB-A6B3-41BF-A2E0-19228864D1DF}
	EndGlobalSection
EndGlobal
